Microsoft Visual Studio Solution File, Format Version 12.00
# Visual Studio Version 17
VisualStudioVersion = 17.5.2.0
MinimumVisualStudioVersion = 10.0.40219.1
Project("{FAE04EC0-301F-11D3-BF4B-00C04F79EFBC}") = "SchoolApi", "SchoolApi\SchoolApi.csproj", "{B93A809D-4487-EE88-7CF4-760202F5EF2B}"
EndProject
Global
	GlobalSection(SolutionConfigurationPlatforms) = preSolution
		Debug|Any CPU = Debug|Any CPU
		Release|Any CPU = Release|Any CPU
	EndGlobalSection
	GlobalSection(ProjectConfigurationPlatforms) = postSolution
		{B93A809D-4487-EE88-7CF4-760202F5EF2B}.Debug|Any CPU.ActiveCfg = Debug|Any CPU
		{B93A809D-4487-EE88-7CF4-760202F5EF2B}.Debug|Any CPU.Build.0 = Debug|Any CPU
		{B93A809D-4487-EE88-7CF4-760202F5EF2B}.Release|Any CPU.ActiveCfg = Release|Any CPU
		{B93A809D-4487-EE88-7CF4-760202F5EF2B}.Release|Any CPU.Build.0 = Release|Any CPU
	EndGlobalSection
	GlobalSection(SolutionProperties) = preSolution
		HideSolutionNode = FALSE
	EndGlobalSection
	GlobalSection(ExtensibilityGlobals) = postSolution
		SolutionGuid = {35215501-A43F-44F9-B080-4494E8AB9464}
	EndGlobalSection
EndGlobal
